
Microsoft Visual Studio Solution File, Format Version 12.00
# Visual Studio Version 17
VisualStudioVersion = 17.14.37411.7 d17.14
MinimumVisualStudioVersion = 10.0.40219.1
Project("{FAE04EC0-301F-11D3-BF4B-00C04F79EFBC}") = "FigureAreaCalculator.DataModel", "FigureAreaCalculator.DataModel\FigureAreaCalculator.DataModel.csproj", "{26237969-9FA4-4DD3-B18A-CC53E7FE5313}"
EndProject
Project("{FAE04EC0-301F-11D3-BF4B-00C04F79EFBC}") = "FigureAreaCalculator.View", "FigureAreaCalculator.View\FigureAreaCalculator.View.csproj", "{EE441309-FBD4-4813-A733-176710E54794}"
EndProject
Global
	GlobalSection(SolutionConfigurationPlatforms) = preSolution
		Debug|Any CPU = Debug|Any CPU
		Release|Any CPU = Release|Any CPU
	EndGlobalSection
	GlobalSection(ProjectConfigurationPlatforms) = postSolution
		{26237969-9FA4-4DD3-B18A-CC53E7FE5313}.Debug|Any CPU.ActiveCfg = Debug|Any CPU
		{26237969-9FA4-4DD3-B18A-CC53E7FE5313}.Debug|Any CPU.Build.0 = Debug|Any CPU
		{26237969-9FA4-4DD3-B18A-CC53E7FE5313}.Release|Any CPU.ActiveCfg = Release|Any CPU
		{26237969-9FA4-4DD3-B18A-CC53E7FE5313}.Release|Any CPU.Build.0 = Release|Any CPU
		{EE441309-FBD4-4813-A733-176710E54794}.Debug|Any CPU.ActiveCfg = Debug|Any CPU
		{EE441309-FBD4-4813-A733-176710E54794}.Debug|Any CPU.Build.0 = Debug|Any CPU
		{EE441309-FBD4-4813-A733-176710E54794}.Release|Any CPU.ActiveCfg = Release|Any CPU
		{EE441309-FBD4-4813-A733-176710E54794}.Release|Any CPU.Build.0 = Release|Any CPU
	EndGlobalSection
	GlobalSection(SolutionProperties) = preSolution
		HideSolutionNode = FALSE
	EndGlobalSection
	GlobalSection(ExtensibilityGlobals) = postSolution
		SolutionGuid = {0F4494AD-6E21-463C-A264-2A42A0329815}
	EndGlobalSection
EndGlobal
